
Microsoft Visual Studio Solution File, Format Version 12.00
# Visual Studio Version 17
VisualStudioVersion = 17.1.32210.238
MinimumVisualStudioVersion = 10.0.40219.1
Project("{FAE04EC0-301F-11D3-BF4B-00C04F79EFBC}") = "AyuboDrive", "AyuboDrive\AyuboDrive.csproj", "{8F23B0AD-ECA4-4EFA-99A3-973AC76FB228}"
EndProject
Project("{FAE04EC0-301F-11D3-BF4B-00C04F79EFBC}") = "HND_Project2", "..\..\visualStudio projects\HND_Project2\HND_Project2\HND_Project2.csproj", "{90D114B2-E62A-427C-8309-C00C6BFE8EBA}"
EndProject
Global
	GlobalSection(SolutionConfigurationPlatforms) = preSolution
		Debug|Any CPU = Debug|Any CPU
		Release|Any CPU = Release|Any CPU
	EndGlobalSection
	GlobalSection(ProjectConfigurationPlatforms) = postSolution
		{8F23B0AD-ECA4-4EFA-99A3-973AC76FB228}.Debug|Any CPU.ActiveCfg = Debug|Any CPU
		{8F23B0AD-ECA4-4EFA-99A3-973AC76FB228}.Debug|Any CPU.Build.0 = Debug|Any CPU
		{8F23B0AD-ECA4-4EFA-99A3-973AC76FB228}.Release|Any CPU.ActiveCfg = Release|Any CPU
		{8F23B0AD-ECA4-4EFA-99A3-973AC76FB228}.Release|Any CPU.Build.0 = Release|Any CPU
		{90D114B2-E62A-427C-8309-C00C6BFE8EBA}.Debug|Any CPU.ActiveCfg = Debug|Any CPU
		{90D114B2-E62A-427C-8309-C00C6BFE8EBA}.Debug|Any CPU.Build.0 = Debug|Any CPU
		{90D114B2-E62A-427C-8309-C00C6BFE8EBA}.Release|Any CPU.ActiveCfg = Release|Any CPU
		{90D114B2-E62A-427C-8309-C00C6BFE8EBA}.Release|Any CPU.Build.0 = Release|Any CPU
	EndGlobalSection
	GlobalSection(SolutionProperties) = preSolution
		HideSolutionNode = FALSE
	EndGlobalSection
	GlobalSection(ExtensibilityGlobals) = postSolution
		SolutionGuid = {6A151635-43C1-4FFE-AE25-F773E05FA0FB}
	EndGlobalSection
EndGlobal
